
Microsoft Visual Studio Solution File, Format Version 12.00
# Visual Studio 2012
Project("{FAE04EC0-301F-11D3-BF4B-00C04F79EFBC}") = "portfolio", "portfolio\portfolio.csproj", "{A6E83625-C8E9-4A6A-8E0C-C90EC7E209ED}"
EndProject
Project("{2150E333-8FDC-42A3-9474-1A3956D46DE8}") = "Solution Items", "Solution Items", "{F0B547EA-84AA-4BFC-8E95-D835E6C2C98E}"
EndProject
Global
	GlobalSection(SolutionConfigurationPlatforms) = preSolution
		Debug|Any CPU = Debug|Any CPU
		Release|Any CPU = Release|Any CPU
	EndGlobalSection
	GlobalSection(ProjectConfigurationPlatforms) = postSolution
		{A6E83625-C8E9-4A6A-8E0C-C90EC7E209ED}.Debug|Any CPU.ActiveCfg = Debug|Any CPU
		{A6E83625-C8E9-4A6A-8E0C-C90EC7E209ED}.Debug|Any CPU.Build.0 = Debug|Any CPU
		{A6E83625-C8E9-4A6A-8E0C-C90EC7E209ED}.Release|Any CPU.ActiveCfg = Release|Any CPU
		{A6E83625-C8E9-4A6A-8E0C-C90EC7E209ED}.Release|Any CPU.Build.0 = Release|Any CPU
	EndGlobalSection
EndGlobal
